
Microsoft Visual Studio Solution File, Format Version 12.00
# Visual Studio 2013
VisualStudioVersion = 12.0.21005.1
MinimumVisualStudioVersion = 10.0.40219.1
Project("{F2A71F9B-5D33-465A-A702-920D77279786}") = "RabbitInHeadlights", "RabbitInHeadlights\RabbitInHeadlights.fsproj", "{7840E69F-545D-49D9-8C9F-09C0D8813CFA}"
EndProject
Project("{FAE04EC0-301F-11D3-BF4B-00C04F79EFBC}") = "RabbitsInCSharp", "RabbitsInCSharp\RabbitsInCSharp.csproj", "{FC438384-6174-47EE-8717-8DE2A1470C5D}"
EndProject
Global
	GlobalSection(SolutionConfigurationPlatforms) = preSolution
		Debug|Any CPU = Debug|Any CPU
		Release|Any CPU = Release|Any CPU
	EndGlobalSection
	GlobalSection(ProjectConfigurationPlatforms) = postSolution
		{7840E69F-545D-49D9-8C9F-09C0D8813CFA}.Debug|Any CPU.ActiveCfg = Debug|Any CPU
		{7840E69F-545D-49D9-8C9F-09C0D8813CFA}.Debug|Any CPU.Build.0 = Debug|Any CPU
		{7840E69F-545D-49D9-8C9F-09C0D8813CFA}.Release|Any CPU.ActiveCfg = Release|Any CPU
		{7840E69F-545D-49D9-8C9F-09C0D8813CFA}.Release|Any CPU.Build.0 = Release|Any CPU
		{FC438384-6174-47EE-8717-8DE2A1470C5D}.Debug|Any CPU.ActiveCfg = Debug|Any CPU
		{FC438384-6174-47EE-8717-8DE2A1470C5D}.Debug|Any CPU.Build.0 = Debug|Any CPU
		{FC438384-6174-47EE-8717-8DE2A1470C5D}.Release|Any CPU.ActiveCfg = Release|Any CPU
		{FC438384-6174-47EE-8717-8DE2A1470C5D}.Release|Any CPU.Build.0 = Release|Any CPU
	EndGlobalSection
	GlobalSection(SolutionProperties) = preSolution
		HideSolutionNode = FALSE
	EndGlobalSection
EndGlobal
